
Microsoft Visual Studio Solution File, Format Version 12.00
# Visual Studio Version 17
VisualStudioVersion = 17.0.31903.59
MinimumVisualStudioVersion = 10.0.40219.1
Project("{9A19103F-16F7-4668-BE54-9A1E7A4F7556}") = "OpenRender", "src\OpenRender\OpenRender.csproj", "{8E6139CE-632D-41D7-817E-899C29DD2C66}"
EndProject
Project("{2150E333-8FDC-42A3-9474-1A3956D46DE8}") = "Solution Items", "Solution Items", "{5AB4F0FF-835B-4B6F-9163-B825CF3A76B0}"
	ProjectSection(SolutionItems) = preProject
		.editorconfig = .editorconfig
		README.md = README.md
	EndProjectSection
EndProject
Project("{9A19103F-16F7-4668-BE54-9A1E7A4F7556}") = "playground", "src\playground\playground.csproj", "{9B5A5877-E3DE-4B9E-BFDB-6DE97F1565EC}"
EndProject
Project("{FAE04EC0-301F-11D3-BF4B-00C04F79EFBC}") = "TextureOptimizer", "TextureOptimizer\TextureOptimizer.csproj", "{E5539F64-42E3-4FD6-9A82-D8A7F691D1BB}"
EndProject
Global
	GlobalSection(SolutionConfigurationPlatforms) = preSolution
		Debug|Any CPU = Debug|Any CPU
		Release|Any CPU = Release|Any CPU
	EndGlobalSection
	GlobalSection(ProjectConfigurationPlatforms) = postSolution
		{8E6139CE-632D-41D7-817E-899C29DD2C66}.Debug|Any CPU.ActiveCfg = Debug|Any CPU
		{8E6139CE-632D-41D7-817E-899C29DD2C66}.Debug|Any CPU.Build.0 = Debug|Any CPU
		{8E6139CE-632D-41D7-817E-899C29DD2C66}.Release|Any CPU.ActiveCfg = Release|Any CPU
		{8E6139CE-632D-41D7-817E-899C29DD2C66}.Release|Any CPU.Build.0 = Release|Any CPU
		{9B5A5877-E3DE-4B9E-BFDB-6DE97F1565EC}.Debug|Any CPU.ActiveCfg = Debug|Any CPU
		{9B5A5877-E3DE-4B9E-BFDB-6DE97F1565EC}.Debug|Any CPU.Build.0 = Debug|Any CPU
		{9B5A5877-E3DE-4B9E-BFDB-6DE97F1565EC}.Release|Any CPU.ActiveCfg = Release|Any CPU
		{9B5A5877-E3DE-4B9E-BFDB-6DE97F1565EC}.Release|Any CPU.Build.0 = Release|Any CPU
		{E5539F64-42E3-4FD6-9A82-D8A7F691D1BB}.Debug|Any CPU.ActiveCfg = Debug|Any CPU
		{E5539F64-42E3-4FD6-9A82-D8A7F691D1BB}.Debug|Any CPU.Build.0 = Debug|Any CPU
		{E5539F64-42E3-4FD6-9A82-D8A7F691D1BB}.Release|Any CPU.ActiveCfg = Release|Any CPU
		{E5539F64-42E3-4FD6-9A82-D8A7F691D1BB}.Release|Any CPU.Build.0 = Release|Any CPU
	EndGlobalSection
	GlobalSection(SolutionProperties) = preSolution
		HideSolutionNode = FALSE
	EndGlobalSection
EndGlobal
