
Microsoft Visual Studio Solution File, Format Version 12.00
# Visual Studio Version 17
VisualStudioVersion = 17.5.2.0
MinimumVisualStudioVersion = 10.0.40219.1
Project("{FAE04EC0-301F-11D3-BF4B-00C04F79EFBC}") = "OpenRender", "OpenRender\OpenRender.csproj", "{8B37C07A-2FC8-6BE3-BC47-A82049DA6B61}"
EndProject
Project("{FAE04EC0-301F-11D3-BF4B-00C04F79EFBC}") = "spyro-game", "spyro-game\spyro-game.csproj", "{36AD6574-F431-ED5C-5B4E-BB4A016B10EA}"
EndProject
Project("{FAE04EC0-301F-11D3-BF4B-00C04F79EFBC}") = "TextRendering", "TextRendering\TextRendering.csproj", "{CADCF236-16B9-066A-C73D-98FD4C03D9CB}"
EndProject
Project("{2150E333-8FDC-42A3-9474-1A3956D46DE8}") = "samples", "samples", "{5D20AA90-6969-D8BD-9DCD-8634F4692FDA}"
EndProject
Project("{FAE04EC0-301F-11D3-BF4B-00C04F79EFBC}") = "batching", "samples\batching\batching.csproj", "{00FEBA45-4EBB-2066-54B0-35CD8A84D861}"
EndProject
Project("{FAE04EC0-301F-11D3-BF4B-00C04F79EFBC}") = "instancing", "samples\instancing\instancing.csproj", "{E43A8AA9-ACD3-3BCE-A088-7EC21A65D668}"
EndProject
Project("{FAE04EC0-301F-11D3-BF4B-00C04F79EFBC}") = "playground", "samples\playground\playground.csproj", "{076572DA-414B-118D-295A-91E600A00468}"
EndProject
Project("{FAE04EC0-301F-11D3-BF4B-00C04F79EFBC}") = "snake", "samples\snake\snake.csproj", "{B0D84E36-8ED7-F5AE-3D0D-C2338428285B}"
EndProject
Project("{FAE04EC0-301F-11D3-BF4B-00C04F79EFBC}") = "testing", "samples\testing\testing.csproj", "{8C08B5D4-5CB2-1C3B-17D3-E5064941D40B}"
EndProject
Project("{FAE04EC0-301F-11D3-BF4B-00C04F79EFBC}") = "triangle", "samples\triangle\triangle.csproj", "{106047EF-7FF0-590E-416E-3FC09A854CE4}"
EndProject
Project("{FAE04EC0-301F-11D3-BF4B-00C04F79EFBC}") = "spyro-game.Tests", "spyro-game.Tests\spyro-game.Tests.csproj", "{31BFCB1C-137A-48D7-90E6-016F6C255BA2}"
EndProject
Global
	GlobalSection(SolutionConfigurationPlatforms) = preSolution
		Debug|Any CPU = Debug|Any CPU
		Debug|x64 = Debug|x64
		Debug|x86 = Debug|x86
		Release|Any CPU = Release|Any CPU
		Release|x64 = Release|x64
		Release|x86 = Release|x86
	EndGlobalSection
	GlobalSection(ProjectConfigurationPlatforms) = postSolution
		{8B37C07A-2FC8-6BE3-BC47-A82049DA6B61}.Debug|Any CPU.ActiveCfg = Debug|Any CPU
		{8B37C07A-2FC8-6BE3-BC47-A82049DA6B61}.Debug|Any CPU.Build.0 = Debug|Any CPU
		{8B37C07A-2FC8-6BE3-BC47-A82049DA6B61}.Debug|x64.ActiveCfg = Debug|Any CPU
		{8B37C07A-2FC8-6BE3-BC47-A82049DA6B61}.Debug|x64.Build.0 = Debug|Any CPU
		{8B37C07A-2FC8-6BE3-BC47-A82049DA6B61}.Debug|x86.ActiveCfg = Debug|Any CPU
		{8B37C07A-2FC8-6BE3-BC47-A82049DA6B61}.Debug|x86.Build.0 = Debug|Any CPU
		{8B37C07A-2FC8-6BE3-BC47-A82049DA6B61}.Release|Any CPU.ActiveCfg = Release|Any CPU
		{8B37C07A-2FC8-6BE3-BC47-A82049DA6B61}.Release|Any CPU.Build.0 = Release|Any CPU
		{8B37C07A-2FC8-6BE3-BC47-A82049DA6B61}.Release|x64.ActiveCfg = Release|Any CPU
		{8B37C07A-2FC8-6BE3-BC47-A82049DA6B61}.Release|x64.Build.0 = Release|Any CPU
		{8B37C07A-2FC8-6BE3-BC47-A82049DA6B61}.Release|x86.ActiveCfg = Release|Any CPU
		{8B37C07A-2FC8-6BE3-BC47-A82049DA6B61}.Release|x86.Build.0 = Release|Any CPU
		{36AD6574-F431-ED5C-5B4E-BB4A016B10EA}.Debug|Any CPU.ActiveCfg = Debug|Any CPU
		{36AD6574-F431-ED5C-5B4E-BB4A016B10EA}.Debug|Any CPU.Build.0 = Debug|Any CPU
		{36AD6574-F431-ED5C-5B4E-BB4A016B10EA}.Debug|x64.ActiveCfg = Debug|Any CPU
		{36AD6574-F431-ED5C-5B4E-BB4A016B10EA}.Debug|x64.Build.0 = Debug|Any CPU
		{36AD6574-F431-ED5C-5B4E-BB4A016B10EA}.Debug|x86.ActiveCfg = Debug|Any CPU
		{36AD6574-F431-ED5C-5B4E-BB4A016B10EA}.Debug|x86.Build.0 = Debug|Any CPU
		{36AD6574-F431-ED5C-5B4E-BB4A016B10EA}.Release|Any CPU.ActiveCfg = Release|Any CPU
		{36AD6574-F431-ED5C-5B4E-BB4A016B10EA}.Release|Any CPU.Build.0 = Release|Any CPU
		{36AD6574-F431-ED5C-5B4E-BB4A016B10EA}.Release|x64.ActiveCfg = Release|Any CPU
		{36AD6574-F431-ED5C-5B4E-BB4A016B10EA}.Release|x64.Build.0 = Release|Any CPU
		{36AD6574-F431-ED5C-5B4E-BB4A016B10EA}.Release|x86.ActiveCfg = Release|Any CPU
		{36AD6574-F431-ED5C-5B4E-BB4A016B10EA}.Release|x86.Build.0 = Release|Any CPU
		{CADCF236-16B9-066A-C73D-98FD4C03D9CB}.Debug|Any CPU.ActiveCfg = Debug|Any CPU
		{CADCF236-16B9-066A-C73D-98FD4C03D9CB}.Debug|Any CPU.Build.0 = Debug|Any CPU
		{CADCF236-16B9-066A-C73D-98FD4C03D9CB}.Debug|x64.ActiveCfg = Debug|Any CPU
		{CADCF236-16B9-066A-C73D-98FD4C03D9CB}.Debug|x64.Build.0 = Debug|Any CPU
		{CADCF236-16B9-066A-C73D-98FD4C03D9CB}.Debug|x86.ActiveCfg = Debug|Any CPU
		{CADCF236-16B9-066A-C73D-98FD4C03D9CB}.Debug|x86.Build.0 = Debug|Any CPU
		{CADCF236-16B9-066A-C73D-98FD4C03D9CB}.Release|Any CPU.ActiveCfg = Release|Any CPU
		{CADCF236-16B9-066A-C73D-98FD4C03D9CB}.Release|Any CPU.Build.0 = Release|Any CPU
		{CADCF236-16B9-066A-C73D-98FD4C03D9CB}.Release|x64.ActiveCfg = Release|Any CPU
		{CADCF236-16B9-066A-C73D-98FD4C03D9CB}.Release|x64.Build.0 = Release|Any CPU
		{CADCF236-16B9-066A-C73D-98FD4C03D9CB}.Release|x86.ActiveCfg = Release|Any CPU
		{CADCF236-16B9-066A-C73D-98FD4C03D9CB}.Release|x86.Build.0 = Release|Any CPU
		{00FEBA45-4EBB-2066-54B0-35CD8A84D861}.Debug|Any CPU.ActiveCfg = Debug|Any CPU
		{00FEBA45-4EBB-2066-54B0-35CD8A84D861}.Debug|Any CPU.Build.0 = Debug|Any CPU
		{00FEBA45-4EBB-2066-54B0-35CD8A84D861}.Debug|x64.ActiveCfg = Debug|Any CPU
		{00FEBA45-4EBB-2066-54B0-35CD8A84D861}.Debug|x64.Build.0 = Debug|Any CPU
		{00FEBA45-4EBB-2066-54B0-35CD8A84D861}.Debug|x86.ActiveCfg = Debug|Any CPU
		{00FEBA45-4EBB-2066-54B0-35CD8A84D861}.Debug|x86.Build.0 = Debug|Any CPU
		{00FEBA45-4EBB-2066-54B0-35CD8A84D861}.Release|Any CPU.ActiveCfg = Release|Any CPU
		{00FEBA45-4EBB-2066-54B0-35CD8A84D861}.Release|Any CPU.Build.0 = Release|Any CPU
		{00FEBA45-4EBB-2066-54B0-35CD8A84D861}.Release|x64.ActiveCfg = Release|Any CPU
		{00FEBA45-4EBB-2066-54B0-35CD8A84D861}.Release|x64.Build.0 = Release|Any CPU
		{00FEBA45-4EBB-2066-54B0-35CD8A84D861}.Release|x86.ActiveCfg = Release|Any CPU
		{00FEBA45-4EBB-2066-54B0-35CD8A84D861}.Release|x86.Build.0 = Release|Any CPU
		{E43A8AA9-ACD3-3BCE-A088-7EC21A65D668}.Debug|Any CPU.ActiveCfg = Debug|Any CPU
		{E43A8AA9-ACD3-3BCE-A088-7EC21A65D668}.Debug|Any CPU.Build.0 = Debug|Any CPU
		{E43A8AA9-ACD3-3BCE-A088-7EC21A65D668}.Debug|x64.ActiveCfg = Debug|Any CPU
		{E43A8AA9-ACD3-3BCE-A088-7EC21A65D668}.Debug|x64.Build.0 = Debug|Any CPU
		{E43A8AA9-ACD3-3BCE-A088-7EC21A65D668}.Debug|x86.ActiveCfg = Debug|Any CPU
		{E43A8AA9-ACD3-3BCE-A088-7EC21A65D668}.Debug|x86.Build.0 = Debug|Any CPU
		{E43A8AA9-ACD3-3BCE-A088-7EC21A65D668}.Release|Any CPU.ActiveCfg = Release|Any CPU
		{E43A8AA9-ACD3-3BCE-A088-7EC21A65D668}.Release|Any CPU.Build.0 = Release|Any CPU
		{E43A8AA9-ACD3-3BCE-A088-7EC21A65D668}.Release|x64.ActiveCfg = Release|Any CPU
		{E43A8AA9-ACD3-3BCE-A088-7EC21A65D668}.Release|x64.Build.0 = Release|Any CPU
		{E43A8AA9-ACD3-3BCE-A088-7EC21A65D668}.Release|x86.ActiveCfg = Release|Any CPU
		{E43A8AA9-ACD3-3BCE-A088-7EC21A65D668}.Release|x86.Build.0 = Release|Any CPU
		{076572DA-414B-118D-295A-91E600A00468}.Debug|Any CPU.ActiveCfg = Debug|Any CPU
		{076572DA-414B-118D-295A-91E600A00468}.Debug|Any CPU.Build.0 = Debug|Any CPU
		{076572DA-414B-118D-295A-91E600A00468}.Debug|x64.ActiveCfg = Debug|Any CPU
		{076572DA-414B-118D-295A-91E600A00468}.Debug|x64.Build.0 = Debug|Any CPU
		{076572DA-414B-118D-295A-91E600A00468}.Debug|x86.ActiveCfg = Debug|Any CPU
		{076572DA-414B-118D-295A-91E600A00468}.Debug|x86.Build.0 = Debug|Any CPU
		{076572DA-414B-118D-295A-91E600A00468}.Release|Any CPU.ActiveCfg = Release|Any CPU
		{076572DA-414B-118D-295A-91E600A00468}.Release|Any CPU.Build.0 = Release|Any CPU
		{076572DA-414B-118D-295A-91E600A00468}.Release|x64.ActiveCfg = Release|Any CPU
		{076572DA-414B-118D-295A-91E600A00468}.Release|x64.Build.0 = Release|Any CPU
		{076572DA-414B-118D-295A-91E600A00468}.Release|x86.ActiveCfg = Release|Any CPU
		{076572DA-414B-118D-295A-91E600A00468}.Release|x86.Build.0 = Release|Any CPU
		{B0D84E36-8ED7-F5AE-3D0D-C2338428285B}.Debug|Any CPU.ActiveCfg = Debug|Any CPU
		{B0D84E36-8ED7-F5AE-3D0D-C2338428285B}.Debug|Any CPU.Build.0 = Debug|Any CPU
		{B0D84E36-8ED7-F5AE-3D0D-C2338428285B}.Debug|x64.ActiveCfg = Debug|Any CPU
		{B0D84E36-8ED7-F5AE-3D0D-C2338428285B}.Debug|x64.Build.0 = Debug|Any CPU
		{B0D84E36-8ED7-F5AE-3D0D-C2338428285B}.Debug|x86.ActiveCfg = Debug|Any CPU
		{B0D84E36-8ED7-F5AE-3D0D-C2338428285B}.Debug|x86.Build.0 = Debug|Any CPU
		{B0D84E36-8ED7-F5AE-3D0D-C2338428285B}.Release|Any CPU.ActiveCfg = Release|Any CPU
		{B0D84E36-8ED7-F5AE-3D0D-C2338428285B}.Release|Any CPU.Build.0 = Release|Any CPU
		{B0D84E36-8ED7-F5AE-3D0D-C2338428285B}.Release|x64.ActiveCfg = Release|Any CPU
		{B0D84E36-8ED7-F5AE-3D0D-C2338428285B}.Release|x64.Build.0 = Release|Any CPU
		{B0D84E36-8ED7-F5AE-3D0D-C2338428285B}.Release|x86.ActiveCfg = Release|Any CPU
		{B0D84E36-8ED7-F5AE-3D0D-C2338428285B}.Release|x86.Build.0 = Release|Any CPU
		{8C08B5D4-5CB2-1C3B-17D3-E5064941D40B}.Debug|Any CPU.ActiveCfg = Debug|Any CPU
		{8C08B5D4-5CB2-1C3B-17D3-E5064941D40B}.Debug|Any CPU.Build.0 = Debug|Any CPU
		{8C08B5D4-5CB2-1C3B-17D3-E5064941D40B}.Debug|x64.ActiveCfg = Debug|Any CPU
		{8C08B5D4-5CB2-1C3B-17D3-E5064941D40B}.Debug|x64.Build.0 = Debug|Any CPU
		{8C08B5D4-5CB2-1C3B-17D3-E5064941D40B}.Debug|x86.ActiveCfg = Debug|Any CPU
		{8C08B5D4-5CB2-1C3B-17D3-E5064941D40B}.Debug|x86.Build.0 = Debug|Any CPU
		{8C08B5D4-5CB2-1C3B-17D3-E5064941D40B}.Release|Any CPU.ActiveCfg = Release|Any CPU
		{8C08B5D4-5CB2-1C3B-17D3-E5064941D40B}.Release|Any CPU.Build.0 = Release|Any CPU
		{8C08B5D4-5CB2-1C3B-17D3-E5064941D40B}.Release|x64.ActiveCfg = Release|Any CPU
		{8C08B5D4-5CB2-1C3B-17D3-E5064941D40B}.Release|x64.Build.0 = Release|Any CPU
		{8C08B5D4-5CB2-1C3B-17D3-E5064941D40B}.Release|x86.ActiveCfg = Release|Any CPU
		{8C08B5D4-5CB2-1C3B-17D3-E5064941D40B}.Release|x86.Build.0 = Release|Any CPU
		{106047EF-7FF0-590E-416E-3FC09A854CE4}.Debug|Any CPU.ActiveCfg = Debug|Any CPU
		{106047EF-7FF0-590E-416E-3FC09A854CE4}.Debug|Any CPU.Build.0 = Debug|Any CPU
		{106047EF-7FF0-590E-416E-3FC09A854CE4}.Debug|x64.ActiveCfg = Debug|Any CPU
		{106047EF-7FF0-590E-416E-3FC09A854CE4}.Debug|x64.Build.0 = Debug|Any CPU
		{106047EF-7FF0-590E-416E-3FC09A854CE4}.Debug|x86.ActiveCfg = Debug|Any CPU
		{106047EF-7FF0-590E-416E-3FC09A854CE4}.Debug|x86.Build.0 = Debug|Any CPU
		{106047EF-7FF0-590E-416E-3FC09A854CE4}.Release|Any CPU.ActiveCfg = Release|Any CPU
		{106047EF-7FF0-590E-416E-3FC09A854CE4}.Release|Any CPU.Build.0 = Release|Any CPU
		{106047EF-7FF0-590E-416E-3FC09A854CE4}.Release|x64.ActiveCfg = Release|Any CPU
		{106047EF-7FF0-590E-416E-3FC09A854CE4}.Release|x64.Build.0 = Release|Any CPU
		{106047EF-7FF0-590E-416E-3FC09A854CE4}.Release|x86.ActiveCfg = Release|Any CPU
		{106047EF-7FF0-590E-416E-3FC09A854CE4}.Release|x86.Build.0 = Release|Any CPU
		{31BFCB1C-137A-48D7-90E6-016F6C255BA2}.Debug|Any CPU.ActiveCfg = Debug|Any CPU
		{31BFCB1C-137A-48D7-90E6-016F6C255BA2}.Debug|Any CPU.Build.0 = Debug|Any CPU
		{31BFCB1C-137A-48D7-90E6-016F6C255BA2}.Debug|x64.ActiveCfg = Debug|Any CPU
		{31BFCB1C-137A-48D7-90E6-016F6C255BA2}.Debug|x64.Build.0 = Debug|Any CPU
		{31BFCB1C-137A-48D7-90E6-016F6C255BA2}.Debug|x86.ActiveCfg = Debug|Any CPU
		{31BFCB1C-137A-48D7-90E6-016F6C255BA2}.Debug|x86.Build.0 = Debug|Any CPU
		{31BFCB1C-137A-48D7-90E6-016F6C255BA2}.Release|Any CPU.ActiveCfg = Release|Any CPU
		{31BFCB1C-137A-48D7-90E6-016F6C255BA2}.Release|Any CPU.Build.0 = Release|Any CPU
		{31BFCB1C-137A-48D7-90E6-016F6C255BA2}.Release|x64.ActiveCfg = Release|Any CPU
		{31BFCB1C-137A-48D7-90E6-016F6C255BA2}.Release|x64.Build.0 = Release|Any CPU
		{31BFCB1C-137A-48D7-90E6-016F6C255BA2}.Release|x86.ActiveCfg = Release|Any CPU
		{31BFCB1C-137A-48D7-90E6-016F6C255BA2}.Release|x86.Build.0 = Release|Any CPU
	EndGlobalSection
	GlobalSection(SolutionProperties) = preSolution
		HideSolutionNode = FALSE
	EndGlobalSection
	GlobalSection(NestedProjects) = preSolution
		{00FEBA45-4EBB-2066-54B0-35CD8A84D861} = {5D20AA90-6969-D8BD-9DCD-8634F4692FDA}
		{E43A8AA9-ACD3-3BCE-A088-7EC21A65D668} = {5D20AA90-6969-D8BD-9DCD-8634F4692FDA}
		{076572DA-414B-118D-295A-91E600A00468} = {5D20AA90-6969-D8BD-9DCD-8634F4692FDA}
		{B0D84E36-8ED7-F5AE-3D0D-C2338428285B} = {5D20AA90-6969-D8BD-9DCD-8634F4692FDA}
		{8C08B5D4-5CB2-1C3B-17D3-E5064941D40B} = {5D20AA90-6969-D8BD-9DCD-8634F4692FDA}
		{106047EF-7FF0-590E-416E-3FC09A854CE4} = {5D20AA90-6969-D8BD-9DCD-8634F4692FDA}
	EndGlobalSection
	GlobalSection(ExtensibilityGlobals) = postSolution
		SolutionGuid = {F7B50A6F-DB46-493D-B1BB-2A7AAE9D3C64}
	EndGlobalSection
EndGlobal
